<?xml version="1.0" encoding="utf-8"?>
<Project ToolsVersion="4.0" xmlns="http://schemas.microsoft.com/developer/msbuild/2003">
  <ItemGroup>
    <Filter Include="Source Files">
      <UniqueIdentifier>{4FC737F1-C7A5-4376-A066-2A32D752A2FF}</UniqueIdentifier>
      <Extensions>cpp;c;cc;cxx;c++;cppm;ixx;def;odl;idl;hpj;bat;asm;asmx</Extensions>
    </Filter>
    <Filter Include="Header Files">
      <UniqueIdentifier>{93995380-89BD-4b04-88EB-625FBE52EBFB}</UniqueIdentifier>
      <Extensions>h;hh;hpp;hxx;h++;hm;inl;inc;ipp;xsd</Extensions>
    </Filter>
    <Filter Include="Resource Files">
      <UniqueIdentifier>{67DA6AB6-F800-4c08-8B7A-83BB121AAD01}</UniqueIdentifier>
      <Extensions>rc;ico;cur;bmp;dlg;rc2;rct;bin;rgs;gif;jpg;jpeg;jpe;resx;tiff;tif;png;wav;mfcribbon-ms</Extensions>
    </Filter>
    <Filter Include="input">
      <UniqueIdentifier>{6247611e-6790-4250-a9fb-9474a04758d3}</UniqueIdentifier>
    </Filter>
  </ItemGroup>
  <ItemGroup>
    <ClCompile Include="rightT.c">
      <Filter>Source Files</Filter>
    </ClCompile>
    <ClCompile Include="helper.c">
      <Filter>Source Files</Filter>
    </ClCompile>
    <ClCompile Include="collections.c">
      <Filter>Source Files</Filter>
    </ClCompile>
    <ClCompile Include="namedmultinodeconnector.c">
      <Filter>Source Files</Filter>
    </ClCompile>
    <ClCompile Include="stringholder.c">
      <Filter>Source Files</Filter>
    </ClCompile>
    <ClCompile Include="binarysearchtreestring.c">
      <Filter>Source Files</Filter>
    </ClCompile>
    <ClCompile Include="testing.c">
      <Filter>Source Files</Filter>
    </ClCompile>
    <ClCompile Include="src\advcal2015p17.c">
      <Filter>Source Files</Filter>
    </ClCompile>
    <ClCompile Include="src\advcal2015p18.c">
      <Filter>Source Files</Filter>
    </ClCompile>
    <ClCompile Include="src\advcal2015p7t2.c">
      <Filter>Source Files</Filter>
    </ClCompile>
    <ClCompile Include="src\advcal2015p10.c">
      <Filter>Source Files</Filter>
    </ClCompile>
    <ClCompile Include="src\advcal2015p11.c">
      <Filter>Source Files</Filter>
    </ClCompile>
    <ClCompile Include="src\advcal2015p12.c">
      <Filter>Source Files</Filter>
    </ClCompile>
    <ClCompile Include="src\advcal2015p13.c">
      <Filter>Source Files</Filter>
    </ClCompile>
    <ClCompile Include="src\advcal2015p14.c">
      <Filter>Source Files</Filter>
    </ClCompile>
    <ClCompile Include="src\advcal2015p15.c">
      <Filter>Source Files</Filter>
    </ClCompile>
    <ClCompile Include="src\advcal2015p16.c">
      <Filter>Source Files</Filter>
    </ClCompile>
    <ClCompile Include="src\advcal2015p3.c">
      <Filter>Source Files</Filter>
    </ClCompile>
    <ClCompile Include="src\advcal2015p2.c">
      <Filter>Source Files</Filter>
    </ClCompile>
    <ClCompile Include="src\advcal2015p1.c">
      <Filter>Source Files</Filter>
    </ClCompile>
    <ClCompile Include="src\advcal2015p4.c">
      <Filter>Source Files</Filter>
    </ClCompile>
    <ClCompile Include="src\advcal2015p5.c">
      <Filter>Source Files</Filter>
    </ClCompile>
    <ClCompile Include="src\advcal2015p6.c">
      <Filter>Source Files</Filter>
    </ClCompile>
    <ClCompile Include="src\advcal2015p7.c">
      <Filter>Source Files</Filter>
    </ClCompile>
    <ClCompile Include="src\advcal2015p8.c">
      <Filter>Source Files</Filter>
    </ClCompile>
    <ClCompile Include="src\advcal2015p9.c">
      <Filter>Source Files</Filter>
    </ClCompile>
    <ClCompile Include="src\advcal2023p1.c">
      <Filter>Source Files</Filter>
    </ClCompile>
    <ClCompile Include="src\advcal2023p10.c">
      <Filter>Source Files</Filter>
    </ClCompile>
    <ClCompile Include="src\advcal2023p11.c">
      <Filter>Source Files</Filter>
    </ClCompile>
    <ClCompile Include="src\advcal2023p2.c">
      <Filter>Source Files</Filter>
    </ClCompile>
    <ClCompile Include="src\advcal2023p3.c">
      <Filter>Source Files</Filter>
    </ClCompile>
    <ClCompile Include="src\advcal2023p4.c">
      <Filter>Source Files</Filter>
    </ClCompile>
    <ClCompile Include="src\advcal2023p5.c">
      <Filter>Source Files</Filter>
    </ClCompile>
    <ClCompile Include="src\advcal2023p6.c">
      <Filter>Source Files</Filter>
    </ClCompile>
    <ClCompile Include="src\advcal2023p7.c">
      <Filter>Source Files</Filter>
    </ClCompile>
    <ClCompile Include="src\advcal2023p8.c">
      <Filter>Source Files</Filter>
    </ClCompile>
    <ClCompile Include="src\advcal2023p9.c">
      <Filter>Source Files</Filter>
    </ClCompile>
    <ClCompile Include="src\advcal2015p19.c">
      <Filter>Source Files</Filter>
    </ClCompile>
    <ClCompile Include="src\advcal2023p12.c">
      <Filter>Source Files</Filter>
    </ClCompile>
    <ClCompile Include="advcal2023p18.c">
      <Filter>Source Files</Filter>
    </ClCompile>
    <ClCompile Include="hashtable.c">
      <Filter>Source Files</Filter>
    </ClCompile>
    <ClCompile Include="advcal2023p13.c">
      <Filter>Source Files</Filter>
    </ClCompile>
    <ClCompile Include="advcal2023p14.c">
      <Filter>Source Files</Filter>
    </ClCompile>
    <ClCompile Include="advcal2023p15.c">
      <Filter>Source Files</Filter>
    </ClCompile>
    <ClCompile Include="advcal2023p16.c">
      <Filter>Source Files</Filter>
    </ClCompile>
    <ClCompile Include="advcal2023p17.c">
      <Filter>Source Files</Filter>
    </ClCompile>
    <ClCompile Include="binary_heap.c">
      <Filter>Source Files</Filter>
    </ClCompile>
    <ClCompile Include="advcal1015p20.c">
      <Filter>Source Files</Filter>
    </ClCompile>
    <ClCompile Include="advcal15p21.c">
      <Filter>Source Files</Filter>
    </ClCompile>
    <ClCompile Include="advcal15p22.c">
      <Filter>Source Files</Filter>
    </ClCompile>
    <ClCompile Include="advcal15p23.c">
      <Filter>Source Files</Filter>
    </ClCompile>
    <ClCompile Include="advcal15p24.c">
      <Filter>Source Files</Filter>
    </ClCompile>
    <ClCompile Include="advcal2015p25.c">
      <Filter>Source Files</Filter>
    </ClCompile>
  </ItemGroup>
  <ItemGroup>
    <Text Include="testing_input.txt" />
    <Text Include="random_work.txt" />
    <Text Include="input\input2015p1.txt">
      <Filter>input</Filter>
    </Text>
    <Text Include="input\input2015p2.txt">
      <Filter>input</Filter>
    </Text>
    <Text Include="input\input2015p3.txt">
      <Filter>input</Filter>
    </Text>
    <Text Include="input\input2015p5.txt">
      <Filter>input</Filter>
    </Text>
    <Text Include="input\input2015p6.txt">
      <Filter>input</Filter>
    </Text>
    <Text Include="input\input2015p7.txt">
      <Filter>input</Filter>
    </Text>
    <Text Include="input\input2015p8.txt">
      <Filter>input</Filter>
    </Text>
    <Text Include="input\input2015p9.txt">
      <Filter>input</Filter>
    </Text>
    <Text Include="input\input2015p12.txt">
      <Filter>input</Filter>
    </Text>
    <Text Include="input\input2015p13.txt">
      <Filter>input</Filter>
    </Text>
    <Text Include="input\input2015p14.txt">
      <Filter>input</Filter>
    </Text>
    <Text Include="input\input2015p15.txt">
      <Filter>input</Filter>
    </Text>
    <Text Include="input\input2015p16.txt">
      <Filter>input</Filter>
    </Text>
    <Text Include="input\input2015p17.txt">
      <Filter>input</Filter>
    </Text>
    <Text Include="input\input2015p18.txt">
      <Filter>input</Filter>
    </Text>
    <Text Include="input\input2015p19.txt">
      <Filter>input</Filter>
    </Text>
    <Text Include="input\input2023p1.txt">
      <Filter>input</Filter>
    </Text>
    <Text Include="input\input2023p2.txt">
      <Filter>input</Filter>
    </Text>
    <Text Include="input\input2023p3.txt">
      <Filter>input</Filter>
    </Text>
    <Text Include="input\input2023p4.txt">
      <Filter>input</Filter>
    </Text>
    <Text Include="input\input2023p5.txt">
      <Filter>input</Filter>
    </Text>
    <Text Include="input\input2023p6.txt">
      <Filter>input</Filter>
    </Text>
    <Text Include="input\input2023p7.txt">
      <Filter>input</Filter>
    </Text>
    <Text Include="input\input2023p8.txt">
      <Filter>input</Filter>
    </Text>
    <Text Include="input\input2023p9.txt">
      <Filter>input</Filter>
    </Text>
    <Text Include="input\input2023p10.txt">
      <Filter>input</Filter>
    </Text>
    <Text Include="input\input2023p11.txt">
      <Filter>input</Filter>
    </Text>
    <Text Include="testing.txt" />
    <Text Include="input2023p18.txt">
      <Filter>input</Filter>
    </Text>
    <Text Include="input2023p12.txt">
      <Filter>input</Filter>
    </Text>
    <Text Include="input2023p13.txt">
      <Filter>input</Filter>
    </Text>
    <Text Include="input2023p14.txt">
      <Filter>input</Filter>
    </Text>
    <Text Include="input2023p12.txt">
      <Filter>input</Filter>
    </Text>
    <Text Include="input2023p16.txt">
      <Filter>input</Filter>
    </Text>
    <Text Include="input2023p15.txt">
      <Filter>input</Filter>
    </Text>
    <Text Include="input2023p17.txt">
      <Filter>input</Filter>
    </Text>
    <Text Include="input2023p18.txt">
      <Filter>input</Filter>
    </Text>
  </ItemGroup>
  <ItemGroup>
    <ClInclude Include="helper.h">
      <Filter>Header Files</Filter>
    </ClInclude>
    <ClInclude Include="collections.h">
      <Filter>Header Files</Filter>
    </ClInclude>
    <ClInclude Include="namedmultinodeconnector.h">
      <Filter>Header Files</Filter>
    </ClInclude>
    <ClInclude Include="stringholder.h">
      <Filter>Header Files</Filter>
    </ClInclude>
    <ClInclude Include="binarysearchtreestring.h">
      <Filter>Header Files</Filter>
    </ClInclude>
    <ClInclude Include="hashtable.h">
      <Filter>Header Files</Filter>
    </ClInclude>
    <ClInclude Include="binary_heap.h">
      <Filter>Header Files</Filter>
    </ClInclude>
  </ItemGroup>
  <ItemGroup>
    <None Include=".gitignore" />
  </ItemGroup>
</Project>